
Microsoft Visual Studio Solution File, Format Version 12.00
# Visual Studio Version 17
VisualStudioVersion = 17.3.32929.385
MinimumVisualStudioVersion = 10.0.40219.1
Project("{FAE04EC0-301F-11D3-BF4B-00C04F79EFBC}") = "PingPong", "PingPong.csproj", "{70842C6F-1D8E-4F17-AA2B-5533C3C4868A}"
EndProject
Global
	GlobalSection(SolutionConfigurationPlatforms) = preSolution
		Debug|Any CPU = Debug|Any CPU
		Release|Any CPU = Release|Any CPU
	EndGlobalSection
	GlobalSection(ProjectConfigurationPlatforms) = postSolution
		{70842C6F-1D8E-4F17-AA2B-5533C3C4868A}.Debug|Any CPU.ActiveCfg = Debug|Any CPU
		{70842C6F-1D8E-4F17-AA2B-5533C3C4868A}.Debug|Any CPU.Build.0 = Debug|Any CPU
		{70842C6F-1D8E-4F17-AA2B-5533C3C4868A}.Release|Any CPU.ActiveCfg = Release|Any CPU
		{70842C6F-1D8E-4F17-AA2B-5533C3C4868A}.Release|Any CPU.Build.0 = Release|Any CPU
	EndGlobalSection
	GlobalSection(SolutionProperties) = preSolution
		HideSolutionNode = FALSE
	EndGlobalSection
	GlobalSection(ExtensibilityGlobals) = postSolution
		SolutionGuid = {0645B114-6FF7-4BEC-895B-BD99D1744193}
	EndGlobalSection
EndGlobal
